
Microsoft Visual Studio Solution File, Format Version 12.00
# Visual Studio Version 16
VisualStudioVersion = 16.0.31911.196
MinimumVisualStudioVersion = 10.0.40219.1
Project("{FAE04EC0-301F-11D3-BF4B-00C04F79EFBC}") = "ExplorerRE", "ExplorerRE\ExplorerRE.csproj", "{405633A4-541E-44D1-9247-804F5A6DE142}"
EndProject
Global
	GlobalSection(SolutionConfigurationPlatforms) = preSolution
		Debug|Any CPU = Debug|Any CPU
		Release|Any CPU = Release|Any CPU
	EndGlobalSection
	GlobalSection(ProjectConfigurationPlatforms) = postSolution
		{405633A4-541E-44D1-9247-804F5A6DE142}.Debug|Any CPU.ActiveCfg = Debug|Any CPU
		{405633A4-541E-44D1-9247-804F5A6DE142}.Debug|Any CPU.Build.0 = Debug|Any CPU
		{405633A4-541E-44D1-9247-804F5A6DE142}.Release|Any CPU.ActiveCfg = Release|Any CPU
		{405633A4-541E-44D1-9247-804F5A6DE142}.Release|Any CPU.Build.0 = Release|Any CPU
	EndGlobalSection
	GlobalSection(SolutionProperties) = preSolution
		HideSolutionNode = FALSE
	EndGlobalSection
	GlobalSection(ExtensibilityGlobals) = postSolution
		SolutionGuid = {C922B0AA-DFDA-4B1C-B3B3-7DA1F279DDAF}
	EndGlobalSection
EndGlobal
